Microsoft Visual Studio Solution File, Format Version 12.00
# Visual Studio 15
VisualStudioVersion = 15.0.27130.0
MinimumVisualStudioVersion = 15.0
Project("{9A19103F-16F7-4668-BE54-9A1E7A4F7556}") = "Oxide.GettingOverItMP", "src\Oxide.GettingOverItMP.csproj", "{87568E26-BF3C-4A14-A3C4-8B74616D6FA9}"
EndProject
Project("{9A19103F-16F7-4668-BE54-9A1E7A4F7556}") = "ServerShared", "ServerShared\ServerShared.csproj", "{57B605F4-330E-4A75-9991-08D5789B5A5F}"
EndProject
Project("{FAE04EC0-301F-11D3-BF4B-00C04F79EFBC}") = "GettingOverItMP.Server", "GettingOverItMP.Server\GettingOverItMP.Server.csproj", "{FBECFC5F-C68A-4176-B320-9B51E894CD06}"
EndProject
Project("{2150E333-8FDC-42A3-9474-1A3956D46DE8}") = "GettingOverIt", "GettingOverIt", "{E857A063-A7DD-4BD8-8233-21DF1ED8FAA7}"
EndProject
Project("{2150E333-8FDC-42A3-9474-1A3956D46DE8}") = "Libraries", "Libraries", "{F9DBAD80-9B5A-45DF-BF20-15C771548081}"
EndProject
Project("{FAE04EC0-301F-11D3-BF4B-00C04F79EFBC}") = "Lidgren.Network", "lidgren-network-gen3\Lidgren.Network\Lidgren.Network.csproj", "{49BA1C69-6104-41AC-A5D8-B54FA9F696E8}"
EndProject
Global
	GlobalSection(SolutionConfigurationPlatforms) = preSolution
		Debug|Any CPU = Debug|Any CPU
		Release|Any CPU = Release|Any CPU
	EndGlobalSection
	GlobalSection(ProjectConfigurationPlatforms) = postSolution
		{87568E26-BF3C-4A14-A3C4-8B74616D6FA9}.Debug|Any CPU.ActiveCfg = Debug|Any CPU
		{87568E26-BF3C-4A14-A3C4-8B74616D6FA9}.Debug|Any CPU.Build.0 = Debug|Any CPU
		{87568E26-BF3C-4A14-A3C4-8B74616D6FA9}.Release|Any CPU.ActiveCfg = Release|Any CPU
		{87568E26-BF3C-4A14-A3C4-8B74616D6FA9}.Release|Any CPU.Build.0 = Release|Any CPU
		{57B605F4-330E-4A75-9991-08D5789B5A5F}.Debug|Any CPU.ActiveCfg = Debug|Any CPU
		{57B605F4-330E-4A75-9991-08D5789B5A5F}.Debug|Any CPU.Build.0 = Debug|Any CPU
		{57B605F4-330E-4A75-9991-08D5789B5A5F}.Release|Any CPU.ActiveCfg = Release|Any CPU
		{57B605F4-330E-4A75-9991-08D5789B5A5F}.Release|Any CPU.Build.0 = Release|Any CPU
		{FBECFC5F-C68A-4176-B320-9B51E894CD06}.Debug|Any CPU.ActiveCfg = Debug|Any CPU
		{FBECFC5F-C68A-4176-B320-9B51E894CD06}.Debug|Any CPU.Build.0 = Debug|Any CPU
		{FBECFC5F-C68A-4176-B320-9B51E894CD06}.Release|Any CPU.ActiveCfg = Release|Any CPU
		{FBECFC5F-C68A-4176-B320-9B51E894CD06}.Release|Any CPU.Build.0 = Release|Any CPU
		{49BA1C69-6104-41AC-A5D8-B54FA9F696E8}.Debug|Any CPU.ActiveCfg = Debug|Any CPU
		{49BA1C69-6104-41AC-A5D8-B54FA9F696E8}.Debug|Any CPU.Build.0 = Debug|Any CPU
		{49BA1C69-6104-41AC-A5D8-B54FA9F696E8}.Release|Any CPU.ActiveCfg = Release|Any CPU
		{49BA1C69-6104-41AC-A5D8-B54FA9F696E8}.Release|Any CPU.Build.0 = Release|Any CPU
	EndGlobalSection
	GlobalSection(SolutionProperties) = preSolution
		HideSolutionNode = FALSE
	EndGlobalSection
	GlobalSection(NestedProjects) = preSolution
		{87568E26-BF3C-4A14-A3C4-8B74616D6FA9} = {E857A063-A7DD-4BD8-8233-21DF1ED8FAA7}
		{57B605F4-330E-4A75-9991-08D5789B5A5F} = {E857A063-A7DD-4BD8-8233-21DF1ED8FAA7}
		{FBECFC5F-C68A-4176-B320-9B51E894CD06} = {E857A063-A7DD-4BD8-8233-21DF1ED8FAA7}
		{49BA1C69-6104-41AC-A5D8-B54FA9F696E8} = {F9DBAD80-9B5A-45DF-BF20-15C771548081}
	EndGlobalSection
	GlobalSection(ExtensibilityGlobals) = postSolution
		SolutionGuid = {480BFA53-389C-4E8B-A216-9B9284270DCA}
	EndGlobalSection
EndGlobal
